
Microsoft Visual Studio Solution File, Format Version 12.00
Project("{2150E333-8FDC-42A3-9474-1A3956D46DE8}") = "src", "src", "{2946F4C3-5007-4232-940C-B2E66C6C17CE}"
EndProject
Project("{FAE04EC0-301F-11D3-BF4B-00C04F79EFBC}") = "Fermion.EntityFramework.Shared", "src\Fermion.EntityFramework.Shared\Fermion.EntityFramework.Shared.csproj", "{BC658AD1-7134-4D1C-A0DD-69765BF672ED}"
EndProject
Global
	GlobalSection(SolutionConfigurationPlatforms) = preSolution
		Debug|Any CPU = Debug|Any CPU
		Release|Any CPU = Release|Any CPU
	EndGlobalSection
	GlobalSection(NestedProjects) = preSolution
		{BC658AD1-7134-4D1C-A0DD-69765BF672ED} = {2946F4C3-5007-4232-940C-B2E66C6C17CE}
	EndGlobalSection
	GlobalSection(ProjectConfigurationPlatforms) = postSolution
		{BC658AD1-7134-4D1C-A0DD-69765BF672ED}.Debug|Any CPU.ActiveCfg = Debug|Any CPU
		{BC658AD1-7134-4D1C-A0DD-69765BF672ED}.Debug|Any CPU.Build.0 = Debug|Any CPU
		{BC658AD1-7134-4D1C-A0DD-69765BF672ED}.Release|Any CPU.ActiveCfg = Release|Any CPU
		{BC658AD1-7134-4D1C-A0DD-69765BF672ED}.Release|Any CPU.Build.0 = Release|Any CPU
	EndGlobalSection
EndGlobal
